// !$*UTF8*$!
{
	archiveVersion = 1;
	classes = {
	};
	objectVersion = 46;
	objects = {

/* Begin PBXBuildFile section */
		E7457A0B19F6B92800EFF7AC /* UniversLTStd-Cn.otf in Resources */ = {isa = PBXBuildFile; fileRef = E7457A0A19F6B92800EFF7AC /* UniversLTStd-Cn.otf */; };
		E7457A0F19F6BC1900EFF7AC /* click2.caf in Resources */ = {isa = PBXBuildFile; fileRef = E7457A0E19F6BC1900EFF7AC /* click2.caf */; };
		E7457A1119F6BC8300EFF7AC /* menu_button@2x.png in Resources */ = {isa = PBXBuildFile; fileRef = E7457A1019F6BC8300EFF7AC /* menu_button@2x.png */; };
		E7457A1619F6C03800EFF7AC /* main_menu_button_04@2x.png in Resources */ = {isa = PBXBuildFile; fileRef = E7457A1219F6C03800EFF7AC /* main_menu_button_04@2x.png */; };
		E7457A1719F6C03800EFF7AC /* main_menu_button_03@2x.png in Resources */ = {isa = PBXBuildFile; fileRef = E7457A1319F6C03800EFF7AC /* main_menu_button_03@2x.png */; };
		E7457A1819F6C03800EFF7AC /* main_menu_button_02@2x.png in Resources */ = {isa = PBXBuildFile; fileRef = E7457A1419F6C03800EFF7AC /* main_menu_button_02@2x.png */; };
		E7457A1919F6C03800EFF7AC /* main_menu_button_01@2x.png in Resources */ = {isa = PBXBuildFile; fileRef = E7457A1519F6C03800EFF7AC /* main_menu_button_01@2x.png */; };
		E7457AB319F7E54100EFF7AC /* fs350_01.mp4 in Resources */ = {isa = PBXBuildFile; fileRef = E7457AB219F7E54100EFF7AC /* fs350_01.mp4 */; };
		E7457AB519F7E5F000EFF7AC /* fs350_01_firstframe@2x.png in Resources */ = {isa = PBXBuildFile; fileRef = E7457AB419F7E5F000EFF7AC /* fs350_01_firstframe@2x.png */; };
		E7457AB719F7EFA900EFF7AC /* play_button@2x.png in Resources */ = {isa = PBXBuildFile; fileRef = E7457AB619F7EFA900EFF7AC /* play_button@2x.png */; };
		E7457ABA19F8013100EFF7AC /* YTPlayerView.m in Sources */ = {isa = PBXBuildFile; fileRef = E7457AB919F8013100EFF7AC /* YTPlayerView.m */; };
		E7457ABE19F8018B00EFF7AC /* YTPlayerView-iframe-player.html in Resources */ = {isa = PBXBuildFile; fileRef = E7457ABD19F8018B00EFF7AC /* YTPlayerView-iframe-player.html */; };
		E7A3CA791A0114BC0073725B /* howling_cow_button_04@2x.png in Resources */ = {isa = PBXBuildFile; fileRef = E7A3CA741A0114BC0073725B /* howling_cow_button_04@2x.png */; };
		E7A3CA7A1A0114BC0073725B /* howling_cow_button_03@2x.png in Resources */ = {isa = PBXBuildFile; fileRef = E7A3CA751A0114BC0073725B /* howling_cow_button_03@2x.png */; };
		E7A3CA7B1A0114BC0073725B /* howling_cow_button_02@2x.png in Resources */ = {isa = PBXBuildFile; fileRef = E7A3CA761A0114BC0073725B /* howling_cow_button_02@2x.png */; };
		E7A3CA7C1A0114BC0073725B /* howling_cow_button_01@2x.png in Resources */ = {isa = PBXBuildFile; fileRef = E7A3CA771A0114BC0073725B /* howling_cow_button_01@2x.png */; };
		E7A3CA7D1A0114BC0073725B /* howling_cow_top@2x.png in Resources */ = {isa = PBXBuildFile; fileRef = E7A3CA781A0114BC0073725B /* howling_cow_top@2x.png */; };
		E7A3CA801A0114D80073725B /* iphoneHowlingCowScene.m in Sources */ = {isa = PBXBuildFile; fileRef = E7A3CA7F1A0114D80073725B /* iphoneHowlingCowScene.m */; };
		E7A3CA861A0119540073725B /* haccp_button_04@2x.png in Resources */ = {isa = PBXBuildFile; fileRef = E7A3CA811A0119540073725B /* haccp_button_04@2x.png */; };
		E7A3CA871A0119540073725B /* haccp_button_03@2x.png in Resources */ = {isa = PBXBuildFile; fileRef = E7A3CA821A0119540073725B /* haccp_button_03@2x.png */; };
		E7A3CA881A0119540073725B /* haccp_button_02@2x.png in Resources */ = {isa = PBXBuildFile; fileRef = E7A3CA831A0119540073725B /* haccp_button_02@2x.png */; };
		E7A3CA891A0119540073725B /* haccp_button_01@2x.png in Resources */ = {isa = PBXBuildFile; fileRef = E7A3CA841A0119540073725B /* haccp_button_01@2x.png */; };
		E7A3CA8A1A0119540073725B /* haccp_top@2x.png in Resources */ = {isa = PBXBuildFile; fileRef = E7A3CA851A0119540073725B /* haccp_top@2x.png */; };
		E7A3CA8D1A0119650073725B /* iphoneHACCPScene.m in Sources */ = {isa = PBXBuildFile; fileRef = E7A3CA8C1A0119650073725B /* iphoneHACCPScene.m */; };
		E7BB5BF01A01208E00B9C0D7 /* iphoneCareersScene.m in Sources */ = {isa = PBXBuildFile; fileRef = E7BB5BEF1A01208E00B9C0D7 /* iphoneCareersScene.m */; };
		E7BB5BF21A01210300B9C0D7 /* careers_top@2x.png in Resources */ = {isa = PBXBuildFile; fileRef = E7BB5BF11A01210300B9C0D7 /* careers_top@2x.png */; };
		E7BB5BF51A01243700B9C0D7 /* Careers.html in Resources */ = {isa = PBXBuildFile; fileRef = E7BB5BF41A01243700B9C0D7 /* Careers.html */; };
		E7DACB4D19F9340600437D40 /* menu_overlay@2x.png in Resources */ = {isa = PBXBuildFile; fileRef = E7DACB4B19F9340600437D40 /* menu_overlay@2x.png */; };
		E7DACB4E19F9340600437D40 /* back_button@2x.png in Resources */ = {isa = PBXBuildFile; fileRef = E7DACB4C19F9340600437D40 /* back_button@2x.png */; };
		E7E8417019F99BB300F13C9C /* UIImage+ImageEffects.m in Sources */ = {isa = PBXBuildFile; fileRef = E7E8416F19F99BB300F13C9C /* UIImage+ImageEffects.m */; };
		E7E8417319FAA0B100F13C9C /* iphonePreReqScene.m in Sources */ = {isa = PBXBuildFile; fileRef = E7E8417219FAA0B100F13C9C /* iphonePreReqScene.m */; };
		E7E8417A19FAA81300F13C9C /* prereq_menu_top@2x.png in Resources */ = {isa = PBXBuildFile; fileRef = E7E8417419FAA81300F13C9C /* prereq_menu_top@2x.png */; };
		E7E8417B19FAA81300F13C9C /* prereq_menu_04@2x.png in Resources */ = {isa = PBXBuildFile; fileRef = E7E8417519FAA81300F13C9C /* prereq_menu_04@2x.png */; };
		E7E8417C19FAA81300F13C9C /* prereq_menu_03@2x.png in Resources */ = {isa = PBXBuildFile; fileRef = E7E8417619FAA81300F13C9C /* prereq_menu_03@2x.png */; };
		E7E8417D19FAA81300F13C9C /* prereq_menu_02@2x.png in Resources */ = {isa = PBXBuildFile; fileRef = E7E8417719FAA81300F13C9C /* prereq_menu_02@2x.png */; };
		E7E8417E19FAA81300F13C9C /* prereq_menu_01@2x.png in Resources */ = {isa = PBXBuildFile; fileRef = E7E8417819FAA81300F13C9C /* prereq_menu_01@2x.png */; };
		E7E8417F19FAA81300F13C9C /* green_back_button@2x.png in Resources */ = {isa = PBXBuildFile; fileRef = E7E8417919FAA81300F13C9C /* green_back_button@2x.png */; };
		E7EC06C419F6A52800BE3351 /* main.m in Sources */ = {isa = PBXBuildFile; fileRef = E7EC06C319F6A52800BE3351 /* main.m */; };
		E7EC06C719F6A52800BE3351 /* AppDelegate.m in Sources */ = {isa = PBXBuildFile; fileRef = E7EC06C619F6A52800BE3351 /* AppDelegate.m */; };
		E7EC06CF19F6A52800BE3351 /* GameViewController.m in Sources */ = {isa = PBXBuildFile; fileRef = E7EC06CE19F6A52800BE3351 /* GameViewController.m */; };
		E7EC06D219F6A52800BE3351 /* Main.storyboard in Resources */ = {isa = PBXBuildFile; fileRef = E7EC06D019F6A52800BE3351 /* Main.storyboard */; };
		E7EC06D419F6A52800BE3351 /* Images.xcassets in Resources */ = {isa = PBXBuildFile; fileRef = E7EC06D319F6A52800BE3351 /* Images.xcassets */; };
		E7EC06D719F6A52800BE3351 /* LaunchScreen.xib in Resources */ = {isa = PBXBuildFile; fileRef = E7EC06D519F6A52800BE3351 /* LaunchScreen.xib */; };
		E7EC06E319F6A52900BE3351 /* foodsafetyappTests.m in Sources */ = {isa = PBXBuildFile; fileRef = E7EC06E219F6A52900BE3351 /* foodsafetyappTests.m */; };
		E7EC06EF19F6AA7B00BE3351 /* iphoneIntroScene.m in Sources */ = {isa = PBXBuildFile; fileRef = E7EC06EE19F6AA7B00BE3351 /* iphoneIntroScene.m */; };
		E7EC06F519F6AAB100BE3351 /* SKButtonNodeJRTB.m in Sources */ = {isa = PBXBuildFile; fileRef = E7EC06F219F6AAB100BE3351 /* SKButtonNodeJRTB.m */; };
		E7EC06F619F6AAB100BE3351 /* NSMutableArray+Shuffling.m in Sources */ = {isa = PBXBuildFile; fileRef = E7EC06F419F6AAB100BE3351 /* NSMutableArray+Shuffling.m */; };
		E7EC06F919F6AABC00BE3351 /* SoundManager.m in Sources */ = {isa = PBXBuildFile; fileRef = E7EC06F819F6AABC00BE3351 /* SoundManager.m */; };
		E7EC06FD19F6AECB00BE3351 /* intro@2x.png in Resources */ = {isa = PBXBuildFile; fileRef = E7EC06FC19F6AECB00BE3351 /* intro@2x.png */; };
		E7EC06FF19F6AF9E00BE3351 /* introBlock@2x.png in Resources */ = {isa = PBXBuildFile; fileRef = E7EC06FE19F6AF9E00BE3351 /* introBlock@2x.png */; };
		E7EC070619F6B49F00BE3351 /* iphoneMenuScene.m in Sources */ = {isa = PBXBuildFile; fileRef = E7EC070519F6B49F00BE3351 /* iphoneMenuScene.m */; };
		E7FA9D991A0AABAD002ACEF4 /* menu_overlay2@2x.png in Resources */ = {isa = PBXBuildFile; fileRef = E7FA9D921A0AABAD002ACEF4 /* menu_overlay2@2x.png */; };
		E7FA9D9A1A0AABAD002ACEF4 /* side_menu_button_06@2x.png in Resources */ = {isa = PBXBuildFile; fileRef = E7FA9D931A0AABAD002ACEF4 /* side_menu_button_06@2x.png */; };
		E7FA9D9B1A0AABAD002ACEF4 /* side_menu_button_05@2x.png in Resources */ = {isa = PBXBuildFile; fileRef = E7FA9D941A0AABAD002ACEF4 /* side_menu_button_05@2x.png */; };
		E7FA9D9C1A0AABAD002ACEF4 /* side_menu_button_04@2x.png in Resources */ = {isa = PBXBuildFile; fileRef = E7FA9D951A0AABAD002ACEF4 /* side_menu_button_04@2x.png */; };
		E7FA9D9D1A0AABAD002ACEF4 /* side_menu_button_03@2x.png in Resources */ = {isa = PBXBuildFile; fileRef = E7FA9D961A0AABAD002ACEF4 /* side_menu_button_03@2x.png */; };
		E7FA9D9E1A0AABAD002ACEF4 /* side_menu_button_02@2x.png in Resources */ = {isa = PBXBuildFile; fileRef = E7FA9D971A0AABAD002ACEF4 /* side_menu_button_02@2x.png */; };
		E7FA9D9F1A0AABAD002ACEF4 /* side_menu_button_01@2x.png in Resources */ = {isa = PBXBuildFile; fileRef = E7FA9D981A0AABAD002ACEF4 /* side_menu_button_01@2x.png */; };
/* End PBXBuildFile section */

/* Begin PBXContainerItemProxy section */
		E7EC06DD19F6A52900BE3351 /* PBXContainerItemProxy */ = {
			isa = PBXContainerItemProxy;
			containerPortal = E7EC06B619F6A52800BE3351 /* Project object */;
			proxyType = 1;
			remoteGlobalIDString = E7EC06BD19F6A52800BE3351;
			remoteInfo = foodsafetyapp;
		};
/* End PBXContainerItemProxy section */

/* Begin PBXFileReference section */
		E7457A0A19F6B92800EFF7AC /* UniversLTStd-Cn.otf */ = {isa = PBXFileReference; lastKnownFileType = file; path = "UniversLTStd-Cn.otf"; sourceTree = "<group>"; };
		E7457A0E19F6BC1900EFF7AC /* click2.caf */ = {isa = PBXFileReference; lastKnownFileType = file; name = click2.caf; path = sounds/click2.caf; sourceTree = SOURCE_ROOT; };
		E7457A1019F6BC8300EFF7AC /* menu_button@2x.png */ = {isa = PBXFileReference; lastKnownFileType = image.png; name = "menu_button@2x.png"; path = "images/menu_button@2x.png"; sourceTree = SOURCE_ROOT; };
		E7457A1219F6C03800EFF7AC /* main_menu_button_04@2x.png */ = {isa = PBXFileReference; lastKnownFileType = image.png; name = "main_menu_button_04@2x.png"; path = "images/main_menu_button_04@2x.png"; sourceTree = SOURCE_ROOT; };
		E7457A1319F6C03800EFF7AC /* main_menu_button_03@2x.png */ = {isa = PBXFileReference; lastKnownFileType = image.png; name = "main_menu_button_03@2x.png"; path = "images/main_menu_button_03@2x.png"; sourceTree = SOURCE_ROOT; };
		E7457A1419F6C03800EFF7AC /* main_menu_button_02@2x.png */ = {isa = PBXFileReference; lastKnownFileType = image.png; name = "main_menu_button_02@2x.png"; path = "images/main_menu_button_02@2x.png"; sourceTree = SOURCE_ROOT; };
		E7457A1519F6C03800EFF7AC /* main_menu_button_01@2x.png */ = {isa = PBXFileReference; lastKnownFileType = image.png; name = "main_menu_button_01@2x.png"; path = "images/main_menu_button_01@2x.png"; sourceTree = SOURCE_ROOT; };
		E7457AB219F7E54100EFF7AC /* fs350_01.mp4 */ = {isa = PBXFileReference; lastKnownFileType = file; name = fs350_01.mp4; path = movies/fs350_01.mp4; sourceTree = SOURCE_ROOT; };
		E7457AB419F7E5F000EFF7AC /* fs350_01_firstframe@2x.png */ = {isa = PBXFileReference; lastKnownFileType = image.png; name = "fs350_01_firstframe@2x.png"; path = "images/fs350_01_firstframe@2x.png"; sourceTree = SOURCE_ROOT; };
		E7457AB619F7EFA900EFF7AC /* play_button@2x.png */ = {isa = PBXFileReference; lastKnownFileType = image.png; name = "play_button@2x.png"; path = "images/play_button@2x.png"; sourceTree = SOURCE_ROOT; };
		E7457AB819F8013100EFF7AC /* YTPlayerView.h */ = {isa = PBXFileReference; fileEncoding = 4; lastKnownFileType = sourcecode.c.h; path = YTPlayerView.h; sourceTree = "<group>"; };
		E7457AB919F8013100EFF7AC /* YTPlayerView.m */ = {isa = PBXFileReference; fileEncoding = 4; lastKnownFileType = sourcecode.c.objc; path = YTPlayerView.m; sourceTree = "<group>"; };
		E7457ABD19F8018B00EFF7AC /* YTPlayerView-iframe-player.html */ = {isa = PBXFileReference; fileEncoding = 4; lastKnownFileType = text.html; path = "YTPlayerView-iframe-player.html"; sourceTree = "<group>"; };
		E7A3CA741A0114BC0073725B /* howling_cow_button_04@2x.png */ = {isa = PBXFileReference; lastKnownFileType = image.png; name = "howling_cow_button_04@2x.png"; path = "images/howling_cow_button_04@2x.png"; sourceTree = SOURCE_ROOT; };
		E7A3CA751A0114BC0073725B /* howling_cow_button_03@2x.png */ = {isa = PBXFileReference; lastKnownFileType = image.png; name = "howling_cow_button_03@2x.png"; path = "images/howling_cow_button_03@2x.png"; sourceTree = SOURCE_ROOT; };
		E7A3CA761A0114BC0073725B /* howling_cow_button_02@2x.png */ = {isa = PBXFileReference; lastKnownFileType = image.png; name = "howling_cow_button_02@2x.png"; path = "images/howling_cow_button_02@2x.png"; sourceTree = SOURCE_ROOT; };
		E7A3CA771A0114BC0073725B /* howling_cow_button_01@2x.png */ = {isa = PBXFileReference; lastKnownFileType = image.png; name = "howling_cow_button_01@2x.png"; path = "images/howling_cow_button_01@2x.png"; sourceTree = SOURCE_ROOT; };
		E7A3CA781A0114BC0073725B /* howling_cow_top@2x.png */ = {isa = PBXFileReference; lastKnownFileType = image.png; name = "howling_cow_top@2x.png"; path = "images/howling_cow_top@2x.png"; sourceTree = SOURCE_ROOT; };
		E7A3CA7E1A0114D80073725B /* iphoneHowlingCowScene.h */ = {isa = PBXFileReference; fileEncoding = 4; lastKnownFileType = sourcecode.c.h; path = iphoneHowlingCowScene.h; sourceTree = "<group>"; };
		E7A3CA7F1A0114D80073725B /* iphoneHowlingCowScene.m */ = {isa = PBXFileReference; fileEncoding = 4; lastKnownFileType = sourcecode.c.objc; path = iphoneHowlingCowScene.m; sourceTree = "<group>"; };
		E7A3CA811A0119540073725B /* haccp_button_04@2x.png */ = {isa = PBXFileReference; lastKnownFileType = image.png; name = "haccp_button_04@2x.png"; path = "images/haccp_button_04@2x.png"; sourceTree = SOURCE_ROOT; };
		E7A3CA821A0119540073725B /* haccp_button_03@2x.png */ = {isa = PBXFileReference; lastKnownFileType = image.png; name = "haccp_button_03@2x.png"; path = "images/haccp_button_03@2x.png"; sourceTree = SOURCE_ROOT; };
		E7A3CA831A0119540073725B /* haccp_button_02@2x.png */ = {isa = PBXFileReference; lastKnownFileType = image.png; name = "haccp_button_02@2x.png"; path = "images/haccp_button_02@2x.png"; sourceTree = SOURCE_ROOT; };
		E7A3CA841A0119540073725B /* haccp_button_01@2x.png */ = {isa = PBXFileReference; lastKnownFileType = image.png; name = "haccp_button_01@2x.png"; path = "images/haccp_button_01@2x.png"; sourceTree = SOURCE_ROOT; };
		E7A3CA851A0119540073725B /* haccp_top@2x.png */ = {isa = PBXFileReference; lastKnownFileType = image.png; name = "haccp_top@2x.png"; path = "images/haccp_top@2x.png"; sourceTree = SOURCE_ROOT; };
		E7A3CA8B1A0119650073725B /* iphoneHACCPScene.h */ = {isa = PBXFileReference; fileEncoding = 4; lastKnownFileType = sourcecode.c.h; path = iphoneHACCPScene.h; sourceTree = "<group>"; };
		E7A3CA8C1A0119650073725B /* iphoneHACCPScene.m */ = {isa = PBXFileReference; fileEncoding = 4; lastKnownFileType = sourcecode.c.objc; path = iphoneHACCPScene.m; sourceTree = "<group>"; };
		E7BB5BEE1A01208E00B9C0D7 /* iphoneCareersScene.h */ = {isa = PBXFileReference; fileEncoding = 4; lastKnownFileType = sourcecode.c.h; path = iphoneCareersScene.h; sourceTree = "<group>"; };
		E7BB5BEF1A01208E00B9C0D7 /* iphoneCareersScene.m */ = {isa = PBXFileReference; fileEncoding = 4; lastKnownFileType = sourcecode.c.objc; path = iphoneCareersScene.m; sourceTree = "<group>"; };
		E7BB5BF11A01210300B9C0D7 /* careers_top@2x.png */ = {isa = PBXFileReference; lastKnownFileType = image.png; name = "careers_top@2x.png"; path = "images/careers_top@2x.png"; sourceTree = SOURCE_ROOT; };
		E7BB5BF41A01243700B9C0D7 /* Careers.html */ = {isa = PBXFileReference; fileEncoding = 4; lastKnownFileType = text.html; name = Careers.html; path = content/Careers.html; sourceTree = SOURCE_ROOT; };
		E7DACB4B19F9340600437D40 /* menu_overlay@2x.png */ = {isa = PBXFileReference; lastKnownFileType = image.png; name = "menu_overlay@2x.png"; path = "images/menu_overlay@2x.png"; sourceTree = SOURCE_ROOT; };
		E7DACB4C19F9340600437D40 /* back_button@2x.png */ = {isa = PBXFileReference; lastKnownFileType = image.png; name = "back_button@2x.png"; path = "images/back_button@2x.png"; sourceTree = SOURCE_ROOT; };
		E7E8416E19F99BB300F13C9C /* UIImage+ImageEffects.h */ = {isa = PBXFileReference; fileEncoding = 4; lastKnownFileType = sourcecode.c.h; path = "UIImage+ImageEffects.h"; sourceTree = "<group>"; };
		E7E8416F19F99BB300F13C9C /* UIImage+ImageEffects.m */ = {isa = PBXFileReference; fileEncoding = 4; lastKnownFileType = sourcecode.c.objc; path = "UIImage+ImageEffects.m"; sourceTree = "<group>"; };
		E7E8417119FAA0B100F13C9C /* iphonePreReqScene.h */ = {isa = PBXFileReference; fileEncoding = 4; lastKnownFileType = sourcecode.c.h; path = iphonePreReqScene.h; sourceTree = "<group>"; };
		E7E8417219FAA0B100F13C9C /* iphonePreReqScene.m */ = {isa = PBXFileReference; fileEncoding = 4; lastKnownFileType = sourcecode.c.objc; path = iphonePreReqScene.m; sourceTree = "<group>"; };
		E7E8417419FAA81300F13C9C /* prereq_menu_top@2x.png */ = {isa = PBXFileReference; lastKnownFileType = image.png; name = "prereq_menu_top@2x.png"; path = "images/prereq_menu_top@2x.png"; sourceTree = SOURCE_ROOT; };
		E7E8417519FAA81300F13C9C /* prereq_menu_04@2x.png */ = {isa = PBXFileReference; lastKnownFileType = image.png; name = "prereq_menu_04@2x.png"; path = "images/prereq_menu_04@2x.png"; sourceTree = SOURCE_ROOT; };
		E7E8417619FAA81300F13C9C /* prereq_menu_03@2x.png */ = {isa = PBXFileReference; lastKnownFileType = image.png; name = "prereq_menu_03@2x.png"; path = "images/prereq_menu_03@2x.png"; sourceTree = SOURCE_ROOT; };
		E7E8417719FAA81300F13C9C /* prereq_menu_02@2x.png */ = {isa = PBXFileReference; lastKnownFileType = image.png; name = "prereq_menu_02@2x.png"; path = "images/prereq_menu_02@2x.png"; sourceTree = SOURCE_ROOT; };
		E7E8417819FAA81300F13C9C /* prereq_menu_01@2x.png */ = {isa = PBXFileReference; lastKnownFileType = image.png; name = "prereq_menu_01@2x.png"; path = "images/prereq_menu_01@2x.png"; sourceTree = SOURCE_ROOT; };
		E7E8417919FAA81300F13C9C /* green_back_button@2x.png */ = {isa = PBXFileReference; lastKnownFileType = image.png; name = "green_back_button@2x.png"; path = "images/green_back_button@2x.png"; sourceTree = SOURCE_ROOT; };
		E7EC06BE19F6A52800BE3351 /* foodsafetyapp.app */ = {isa = PBXFileReference; explicitFileType = wrapper.application; includeInIndex = 0; path = foodsafetyapp.app; sourceTree = BUILT_PRODUCTS_DIR; };
		E7EC06C219F6A52800BE3351 /* Info.plist */ = {isa = PBXFileReference; lastKnownFileType = text.plist.xml; path = Info.plist; sourceTree = "<group>"; };
		E7EC06C319F6A52800BE3351 /* main.m */ = {isa = PBXFileReference; lastKnownFileType = sourcecode.c.objc; path = main.m; sourceTree = "<group>"; };
		E7EC06C519F6A52800BE3351 /* AppDelegate.h */ = {isa = PBXFileReference; lastKnownFileType = sourcecode.c.h; path = AppDelegate.h; sourceTree = "<group>"; };
		E7EC06C619F6A52800BE3351 /* AppDelegate.m */ = {isa = PBXFileReference; lastKnownFileType = sourcecode.c.objc; path = AppDelegate.m; sourceTree = "<group>"; };
		E7EC06CD19F6A52800BE3351 /* GameViewController.h */ = {isa = PBXFileReference; lastKnownFileType = sourcecode.c.h; path = GameViewController.h; sourceTree = "<group>"; };
		E7EC06CE19F6A52800BE3351 /* GameViewController.m */ = {isa = PBXFileReference; lastKnownFileType = sourcecode.c.objc; path = GameViewController.m; sourceTree = "<group>"; };
		E7EC06D119F6A52800BE3351 /* Base */ = {isa = PBXFileReference; lastKnownFileType = file.storyboard; name = Base; path = Base.lproj/Main.storyboard; sourceTree = "<group>"; };
		E7EC06D319F6A52800BE3351 /* Images.xcassets */ = {isa = PBXFileReference; lastKnownFileType = folder.assetcatalog; path = Images.xcassets; sourceTree = "<group>"; };
		E7EC06D619F6A52800BE3351 /* Base */ = {isa = PBXFileReference; lastKnownFileType = file.xib; name = Base; path = Base.lproj/LaunchScreen.xib; sourceTree = "<group>"; };
		E7EC06DC19F6A52900BE3351 /* foodsafetyappTests.xctest */ = {isa = PBXFileReference; explicitFileType = wrapper.cfbundle; includeInIndex = 0; path = foodsafetyappTests.xctest; sourceTree = BUILT_PRODUCTS_DIR; };
		E7EC06E119F6A52900BE3351 /* Info.plist */ = {isa = PBXFileReference; lastKnownFileType = text.plist.xml; path = Info.plist; sourceTree = "<group>"; };
		E7EC06E219F6A52900BE3351 /* foodsafetyappTests.m */ = {isa = PBXFileReference; lastKnownFileType = sourcecode.c.objc; path = foodsafetyappTests.m; sourceTree = "<group>"; };
		E7EC06ED19F6AA7B00BE3351 /* iphoneIntroScene.h */ = {isa = PBXFileReference; fileEncoding = 4; lastKnownFileType = sourcecode.c.h; path = iphoneIntroScene.h; sourceTree = "<group>"; };
		E7EC06EE19F6AA7B00BE3351 /* iphoneIntroScene.m */ = {isa = PBXFileReference; fileEncoding = 4; lastKnownFileType = sourcecode.c.objc; path = iphoneIntroScene.m; sourceTree = "<group>"; };
		E7EC06F119F6AAB100BE3351 /* SKButtonNodeJRTB.h */ = {isa = PBXFileReference; fileEncoding = 4; lastKnownFileType = sourcecode.c.h; path = SKButtonNodeJRTB.h; sourceTree = "<group>"; };
		E7EC06F219F6AAB100BE3351 /* SKButtonNodeJRTB.m */ = {isa = PBXFileReference; fileEncoding = 4; lastKnownFileType = sourcecode.c.objc; path = SKButtonNodeJRTB.m; sourceTree = "<group>"; };
		E7EC06F319F6AAB100BE3351 /* NSMutableArray+Shuffling.h */ = {isa = PBXFileReference; fileEncoding = 4; lastKnownFileType = sourcecode.c.h; path = "NSMutableArray+Shuffling.h"; sourceTree = "<group>"; };
		E7EC06F419F6AAB100BE3351 /* NSMutableArray+Shuffling.m */ = {isa = PBXFileReference; fileEncoding = 4; lastKnownFileType = sourcecode.c.objc; path = "NSMutableArray+Shuffling.m"; sourceTree = "<group>"; };
		E7EC06F719F6AABC00BE3351 /* SoundManager.h */ = {isa = PBXFileReference; fileEncoding = 4; lastKnownFileType = sourcecode.c.h; path = SoundManager.h; sourceTree = "<group>"; };
		E7EC06F819F6AABC00BE3351 /* SoundManager.m */ = {isa = PBXFileReference; fileEncoding = 4; lastKnownFileType = sourcecode.c.objc; path = SoundManager.m; sourceTree = "<group>"; };
		E7EC06FC19F6AECB00BE3351 /* intro@2x.png */ = {isa = PBXFileReference; lastKnownFileType = image.png; name = "intro@2x.png"; path = "images/intro@2x.png"; sourceTree = SOURCE_ROOT; };
		E7EC06FE19F6AF9E00BE3351 /* introBlock@2x.png */ = {isa = PBXFileReference; lastKnownFileType = image.png; name = "introBlock@2x.png"; path = "images/introBlock@2x.png"; sourceTree = SOURCE_ROOT; };
		E7EC070419F6B49F00BE3351 /* iphoneMenuScene.h */ = {isa = PBXFileReference; fileEncoding = 4; lastKnownFileType = sourcecode.c.h; path = iphoneMenuScene.h; sourceTree = "<group>"; };
		E7EC070519F6B49F00BE3351 /* iphoneMenuScene.m */ = {isa = PBXFileReference; fileEncoding = 4; lastKnownFileType = sourcecode.c.objc; path = iphoneMenuScene.m; sourceTree = "<group>"; };
		E7FA9D921A0AABAD002ACEF4 /* menu_overlay2@2x.png */ = {isa = PBXFileReference; lastKnownFileType = image.png; name = "menu_overlay2@2x.png"; path = "images/menu_overlay2@2x.png"; sourceTree = SOURCE_ROOT; };
		E7FA9D931A0AABAD002ACEF4 /* side_menu_button_06@2x.png */ = {isa = PBXFileReference; lastKnownFileType = image.png; name = "side_menu_button_06@2x.png"; path = "images/side_menu_button_06@2x.png"; sourceTree = SOURCE_ROOT; };
		E7FA9D941A0AABAD002ACEF4 /* side_menu_button_05@2x.png */ = {isa = PBXFileReference; lastKnownFileType = image.png; name = "side_menu_button_05@2x.png"; path = "images/side_menu_button_05@2x.png"; sourceTree = SOURCE_ROOT; };
		E7FA9D951A0AABAD002ACEF4 /* side_menu_button_04@2x.png */ = {isa = PBXFileReference; lastKnownFileType = image.png; name = "side_menu_button_04@2x.png"; path = "images/side_menu_button_04@2x.png"; sourceTree = SOURCE_ROOT; };
		E7FA9D961A0AABAD002ACEF4 /* side_menu_button_03@2x.png */ = {isa = PBXFileReference; lastKnownFileType = image.png; name = "side_menu_button_03@2x.png"; path = "images/side_menu_button_03@2x.png"; sourceTree = SOURCE_ROOT; };
		E7FA9D971A0AABAD002ACEF4 /* side_menu_button_02@2x.png */ = {isa = PBXFileReference; lastKnownFileType = image.png; name = "side_menu_button_02@2x.png"; path = "images/side_menu_button_02@2x.png"; sourceTree = SOURCE_ROOT; };
		E7FA9D981A0AABAD002ACEF4 /* side_menu_button_01@2x.png */ = {isa = PBXFileReference; lastKnownFileType = image.png; name = "side_menu_button_01@2x.png"; path = "images/side_menu_button_01@2x.png"; sourceTree = SOURCE_ROOT; };
/* End PBXFileReference section */

/* Begin PBXFrameworksBuildPhase section */
		E7EC06BB19F6A52800BE3351 /* Frameworks */ = {
			isa = PBXFrameworksBuildPhase;
			buildActionMask = 2147483647;
			files = (
			);
			runOnlyForDeploymentPostprocessing = 0;
		};
		E7EC06D919F6A52900BE3351 /* Frameworks */ = {
			isa = PBXFrameworksBuildPhase;
			buildActionMask = 2147483647;
			files = (
			);
			runOnlyForDeploymentPostprocessing = 0;
		};
/* End PBXFrameworksBuildPhase section */

/* Begin PBXGroup section */
		E7457A0C19F6B92D00EFF7AC /* Fonts */ = {
			isa = PBXGroup;
			children = (
				E7457A0A19F6B92800EFF7AC /* UniversLTStd-Cn.otf */,
			);
			name = Fonts;
			sourceTree = "<group>";
		};
		E7457A0D19F6BBF000EFF7AC /* Sounds */ = {
			isa = PBXGroup;
			children = (
				E7457A0E19F6BC1900EFF7AC /* click2.caf */,
			);
			name = Sounds;
			sourceTree = "<group>";
		};
		E7457A1A19F6CC0500EFF7AC /* Movies */ = {
			isa = PBXGroup;
			children = (
				E7457AB219F7E54100EFF7AC /* fs350_01.mp4 */,
			);
			name = Movies;
			sourceTree = "<group>";
		};
		E7457ABB19F8017C00EFF7AC /* YouTube player */ = {
			isa = PBXGroup;
			children = (
				E7457ABC19F8018B00EFF7AC /* Assets */,
				E7457AB819F8013100EFF7AC /* YTPlayerView.h */,
				E7457AB919F8013100EFF7AC /* YTPlayerView.m */,
			);
			name = "YouTube player";
			sourceTree = "<group>";
		};
		E7457ABC19F8018B00EFF7AC /* Assets */ = {
			isa = PBXGroup;
			children = (
				E7457ABD19F8018B00EFF7AC /* YTPlayerView-iframe-player.html */,
			);
			path = Assets;
			sourceTree = "<group>";
		};
		E7BB5BF31A01242E00B9C0D7 /* Content */ = {
			isa = PBXGroup;
			children = (
				E7BB5BF41A01243700B9C0D7 /* Careers.html */,
			);
			name = Content;
			sourceTree = "<group>";
		};
		E7EC06B519F6A52800BE3351 = {
			isa = PBXGroup;
			children = (
				E7EC06C019F6A52800BE3351 /* foodsafetyapp */,
				E7EC06DF19F6A52900BE3351 /* foodsafetyappTests */,
				E7EC06BF19F6A52800BE3351 /* Products */,
			);
			sourceTree = "<group>";
		};
		E7EC06BF19F6A52800BE3351 /* Products */ = {
			isa = PBXGroup;
			children = (
				E7EC06BE19F6A52800BE3351 /* foodsafetyapp.app */,
				E7EC06DC19F6A52900BE3351 /* foodsafetyappTests.xctest */,
			);
			name = Products;
			sourceTree = "<group>";
		};
		E7EC06C019F6A52800BE3351 /* foodsafetyapp */ = {
			isa = PBXGroup;
			children = (
				E7EC06C519F6A52800BE3351 /* AppDelegate.h */,
				E7EC06C619F6A52800BE3351 /* AppDelegate.m */,
				E7EC06CD19F6A52800BE3351 /* GameViewController.h */,
				E7EC06CE19F6A52800BE3351 /* GameViewController.m */,
				E7EC06FA19F6AEB700BE3351 /* Assets */,
				E7EC06F019F6AA9E00BE3351 /* Support classes */,
				E7EC06EC19F6AA1200BE3351 /* iPhone scenes */,
				E7EC06D019F6A52800BE3351 /* Main.storyboard */,
				E7EC06D319F6A52800BE3351 /* Images.xcassets */,
				E7EC06D519F6A52800BE3351 /* LaunchScreen.xib */,
				E7EC06C119F6A52800BE3351 /* Supporting Files */,
			);
			path = foodsafetyapp;
			sourceTree = "<group>";
		};
		E7EC06C119F6A52800BE3351 /* Supporting Files */ = {
			isa = PBXGroup;
			children = (
				E7EC06C219F6A52800BE3351 /* Info.plist */,
				E7EC06C319F6A52800BE3351 /* main.m */,
			);
			name = "Supporting Files";
			sourceTree = "<group>";
		};
		E7EC06DF19F6A52900BE3351 /* foodsafetyappTests */ = {
			isa = PBXGroup;
			children = (
				E7EC06E219F6A52900BE3351 /* foodsafetyappTests.m */,
				E7EC06E019F6A52900BE3351 /* Supporting Files */,
			);
			path = foodsafetyappTests;
			sourceTree = "<group>";
		};
		E7EC06E019F6A52900BE3351 /* Supporting Files */ = {
			isa = PBXGroup;
			children = (
				E7EC06E119F6A52900BE3351 /* Info.plist */,
			);
			name = "Supporting Files";
			sourceTree = "<group>";
		};
		E7EC06EC19F6AA1200BE3351 /* iPhone scenes */ = {
			isa = PBXGroup;
			children = (
				E7EC06ED19F6AA7B00BE3351 /* iphoneIntroScene.h */,
				E7EC06EE19F6AA7B00BE3351 /* iphoneIntroScene.m */,
				E7EC070419F6B49F00BE3351 /* iphoneMenuScene.h */,
				E7EC070519F6B49F00BE3351 /* iphoneMenuScene.m */,
				E7E8417119FAA0B100F13C9C /* iphonePreReqScene.h */,
				E7E8417219FAA0B100F13C9C /* iphonePreReqScene.m */,
				E7A3CA7E1A0114D80073725B /* iphoneHowlingCowScene.h */,
				E7A3CA7F1A0114D80073725B /* iphoneHowlingCowScene.m */,
				E7A3CA8B1A0119650073725B /* iphoneHACCPScene.h */,
				E7A3CA8C1A0119650073725B /* iphoneHACCPScene.m */,
				E7BB5BEE1A01208E00B9C0D7 /* iphoneCareersScene.h */,
				E7BB5BEF1A01208E00B9C0D7 /* iphoneCareersScene.m */,
			);
			name = "iPhone scenes";
			sourceTree = "<group>";
		};
		E7EC06F019F6AA9E00BE3351 /* Support classes */ = {
			isa = PBXGroup;
			children = (
				E7E8416E19F99BB300F13C9C /* UIImage+ImageEffects.h */,
				E7E8416F19F99BB300F13C9C /* UIImage+ImageEffects.m */,
				E7457ABB19F8017C00EFF7AC /* YouTube player */,
				E7EC06F719F6AABC00BE3351 /* SoundManager.h */,
				E7EC06F819F6AABC00BE3351 /* SoundManager.m */,
				E7EC06F119F6AAB100BE3351 /* SKButtonNodeJRTB.h */,
				E7EC06F219F6AAB100BE3351 /* SKButtonNodeJRTB.m */,
				E7EC06F319F6AAB100BE3351 /* NSMutableArray+Shuffling.h */,
				E7EC06F419F6AAB100BE3351 /* NSMutableArray+Shuffling.m */,
			);
			name = "Support classes";
			sourceTree = "<group>";
		};
		E7EC06FA19F6AEB700BE3351 /* Assets */ = {
			isa = PBXGroup;
			children = (
				E7BB5BF31A01242E00B9C0D7 /* Content */,
				E7457A1A19F6CC0500EFF7AC /* Movies */,
				E7457A0D19F6BBF000EFF7AC /* Sounds */,
				E7457A0C19F6B92D00EFF7AC /* Fonts */,
				E7EC06FB19F6AEBD00BE3351 /* Images */,
			);
			name = Assets;
			sourceTree = "<group>";
		};
		E7EC06FB19F6AEBD00BE3351 /* Images */ = {
			isa = PBXGroup;
			children = (
				E7FA9D921A0AABAD002ACEF4 /* menu_overlay2@2x.png */,
				E7FA9D931A0AABAD002ACEF4 /* side_menu_button_06@2x.png */,
				E7FA9D941A0AABAD002ACEF4 /* side_menu_button_05@2x.png */,
				E7FA9D951A0AABAD002ACEF4 /* side_menu_button_04@2x.png */,
				E7FA9D961A0AABAD002ACEF4 /* side_menu_button_03@2x.png */,
				E7FA9D971A0AABAD002ACEF4 /* side_menu_button_02@2x.png */,
				E7FA9D981A0AABAD002ACEF4 /* side_menu_button_01@2x.png */,
				E7BB5BF11A01210300B9C0D7 /* careers_top@2x.png */,
				E7A3CA811A0119540073725B /* haccp_button_04@2x.png */,
				E7A3CA821A0119540073725B /* haccp_button_03@2x.png */,
				E7A3CA831A0119540073725B /* haccp_button_02@2x.png */,
				E7A3CA841A0119540073725B /* haccp_button_01@2x.png */,
				E7A3CA851A0119540073725B /* haccp_top@2x.png */,
				E7A3CA741A0114BC0073725B /* howling_cow_button_04@2x.png */,
				E7A3CA751A0114BC0073725B /* howling_cow_button_03@2x.png */,
				E7A3CA761A0114BC0073725B /* howling_cow_button_02@2x.png */,
				E7A3CA771A0114BC0073725B /* howling_cow_button_01@2x.png */,
				E7A3CA781A0114BC0073725B /* howling_cow_top@2x.png */,
				E7E8417419FAA81300F13C9C /* prereq_menu_top@2x.png */,
				E7E8417519FAA81300F13C9C /* prereq_menu_04@2x.png */,
				E7E8417619FAA81300F13C9C /* prereq_menu_03@2x.png */,
				E7E8417719FAA81300F13C9C /* prereq_menu_02@2x.png */,
				E7E8417819FAA81300F13C9C /* prereq_menu_01@2x.png */,
				E7E8417919FAA81300F13C9C /* green_back_button@2x.png */,
				E7DACB4B19F9340600437D40 /* menu_overlay@2x.png */,
				E7DACB4C19F9340600437D40 /* back_button@2x.png */,
				E7457AB619F7EFA900EFF7AC /* play_button@2x.png */,
				E7457AB419F7E5F000EFF7AC /* fs350_01_firstframe@2x.png */,
				E7457A1219F6C03800EFF7AC /* main_menu_button_04@2x.png */,
				E7457A1319F6C03800EFF7AC /* main_menu_button_03@2x.png */,
				E7457A1419F6C03800EFF7AC /* main_menu_button_02@2x.png */,
				E7457A1519F6C03800EFF7AC /* main_menu_button_01@2x.png */,
				E7457A1019F6BC8300EFF7AC /* menu_button@2x.png */,
				E7EC06FE19F6AF9E00BE3351 /* introBlock@2x.png */,
				E7EC06FC19F6AECB00BE3351 /* intro@2x.png */,
			);
			name = Images;
			sourceTree = "<group>";
		};
/* End PBXGroup section */

/* Begin PBXNativeTarget section */
		E7EC06BD19F6A52800BE3351 /* foodsafetyapp */ = {
			isa = PBXNativeTarget;
			buildConfigurationList = E7EC06E619F6A52900BE3351 /* Build configuration list for PBXNativeTarget "foodsafetyapp" */;
			buildPhases = (
				E7EC06BA19F6A52800BE3351 /* Sources */,
				E7EC06BB19F6A52800BE3351 /* Frameworks */,
				E7EC06BC19F6A52800BE3351 /* Resources */,
			);
			buildRules = (
			);
			dependencies = (
			);
			name = foodsafetyapp;
			productName = foodsafetyapp;
			productReference = E7EC06BE19F6A52800BE3351 /* foodsafetyapp.app */;
			productType = "com.apple.product-type.application";
		};
		E7EC06DB19F6A52900BE3351 /* foodsafetyappTests */ = {
			isa = PBXNativeTarget;
			buildConfigurationList = E7EC06E919F6A52900BE3351 /* Build configuration list for PBXNativeTarget "foodsafetyappTests" */;
			buildPhases = (
				E7EC06D819F6A52900BE3351 /* Sources */,
				E7EC06D919F6A52900BE3351 /* Frameworks */,
				E7EC06DA19F6A52900BE3351 /* Resources */,
			);
			buildRules = (
			);
			dependencies = (
				E7EC06DE19F6A52900BE3351 /* PBXTargetDependency */,
			);
			name = foodsafetyappTests;
			productName = foodsafetyappTests;
			productReference = E7EC06DC19F6A52900BE3351 /* foodsafetyappTests.xctest */;
			productType = "com.apple.product-type.bundle.unit-test";
		};
/* End PBXNativeTarget section */

/* Begin PBXProject section */
		E7EC06B619F6A52800BE3351 /* Project object */ = {
			isa = PBXProject;
			attributes = {
				LastUpgradeCheck = 0600;
				ORGANIZATIONNAME = "NC State";
				TargetAttributes = {
					E7EC06BD19F6A52800BE3351 = {
						CreatedOnToolsVersion = 6.0;
						DevelopmentTeam = 3H6GLPJ48J;
					};
					E7EC06DB19F6A52900BE3351 = {
						CreatedOnToolsVersion = 6.0;
						TestTargetID = E7EC06BD19F6A52800BE3351;
					};
				};
			};
			buildConfigurationList = E7EC06B919F6A52800BE3351 /* Build configuration list for PBXProject "foodsafetyapp" */;
			compatibilityVersion = "Xcode 3.2";
			developmentRegion = English;
			hasScannedForEncodings = 0;
			knownRegions = (
				en,
				Base,
			);
			mainGroup = E7EC06B519F6A52800BE3351;
			productRefGroup = E7EC06BF19F6A52800BE3351 /* Products */;
			projectDirPath = "";
			projectRoot = "";
			targets = (
				E7EC06BD19F6A52800BE3351 /* foodsafetyapp */,
				E7EC06DB19F6A52900BE3351 /* foodsafetyappTests */,
			);
		};
/* End PBXProject section */

/* Begin PBXResourcesBuildPhase section */
		E7EC06BC19F6A52800BE3351 /* Resources */ = {
			isa = PBXResourcesBuildPhase;
			buildActionMask = 2147483647;
			files = (
				E7A3CA871A0119540073725B /* haccp_button_03@2x.png in Resources */,
				E7FA9D9F1A0AABAD002ACEF4 /* side_menu_button_01@2x.png in Resources */,
				E7A3CA7C1A0114BC0073725B /* howling_cow_button_01@2x.png in Resources */,
				E7457AB719F7EFA900EFF7AC /* play_button@2x.png in Resources */,
				E7EC06D719F6A52800BE3351 /* LaunchScreen.xib in Resources */,
				E7457ABE19F8018B00EFF7AC /* YTPlayerView-iframe-player.html in Resources */,
				E7BB5BF51A01243700B9C0D7 /* Careers.html in Resources */,
				E7E8417A19FAA81300F13C9C /* prereq_menu_top@2x.png in Resources */,
				E7A3CA7B1A0114BC0073725B /* howling_cow_button_02@2x.png in Resources */,
				E7A3CA861A0119540073725B /* haccp_button_04@2x.png in Resources */,
				E7A3CA891A0119540073725B /* haccp_button_01@2x.png in Resources */,
				E7E8417B19FAA81300F13C9C /* prereq_menu_04@2x.png in Resources */,
				E7FA9D9B1A0AABAD002ACEF4 /* side_menu_button_05@2x.png in Resources */,
				E7457A0B19F6B92800EFF7AC /* UniversLTStd-Cn.otf in Resources */,
				E7DACB4D19F9340600437D40 /* menu_overlay@2x.png in Resources */,
				E7DACB4E19F9340600437D40 /* back_button@2x.png in Resources */,
				E7FA9D991A0AABAD002ACEF4 /* menu_overlay2@2x.png in Resources */,
				E7FA9D9D1A0AABAD002ACEF4 /* side_menu_button_03@2x.png in Resources */,
				E7E8417D19FAA81300F13C9C /* prereq_menu_02@2x.png in Resources */,
				E7EC06FD19F6AECB00BE3351 /* intro@2x.png in Resources */,
				E7A3CA881A0119540073725B /* haccp_button_02@2x.png in Resources */,
				E7FA9D9A1A0AABAD002ACEF4 /* side_menu_button_06@2x.png in Resources */,
				E7A3CA8A1A0119540073725B /* haccp_top@2x.png in Resources */,
				E7457A0F19F6BC1900EFF7AC /* click2.caf in Resources */,
				E7FA9D9C1A0AABAD002ACEF4 /* side_menu_button_04@2x.png in Resources */,
				E7457AB519F7E5F000EFF7AC /* fs350_01_firstframe@2x.png in Resources */,
				E7EC06D419F6A52800BE3351 /* Images.xcassets in Resources */,
				E7BB5BF21A01210300B9C0D7 /* careers_top@2x.png in Resources */,
				E7EC06FF19F6AF9E00BE3351 /* introBlock@2x.png in Resources */,
				E7A3CA7A1A0114BC0073725B /* howling_cow_button_03@2x.png in Resources */,
				E7457A1619F6C03800EFF7AC /* main_menu_button_04@2x.png in Resources */,
				E7FA9D9E1A0AABAD002ACEF4 /* side_menu_button_02@2x.png in Resources */,
				E7457A1919F6C03800EFF7AC /* main_menu_button_01@2x.png in Resources */,
				E7EC06D219F6A52800BE3351 /* Main.storyboard in Resources */,
				E7E8417F19FAA81300F13C9C /* green_back_button@2x.png in Resources */,
				E7A3CA7D1A0114BC0073725B /* howling_cow_top@2x.png in Resources */,
				E7457A1119F6BC8300EFF7AC /* menu_button@2x.png in Resources */,
				E7457AB319F7E54100EFF7AC /* fs350_01.mp4 in Resources */,
				E7A3CA791A0114BC0073725B /* howling_cow_button_04@2x.png in Resources */,
				E7E8417E19FAA81300F13C9C /* prereq_menu_01@2x.png in Resources */,
				E7457A1719F6C03800EFF7AC /* main_menu_button_03@2x.png in Resources */,
				E7457A1819F6C03800EFF7AC /* main_menu_button_02@2x.png in Resources */,
				E7E8417C19FAA81300F13C9C /* prereq_menu_03@2x.png in Resources */,
			);
			runOnlyForDeploymentPostprocessing = 0;
		};
		E7EC06DA19F6A52900BE3351 /* Resources */ = {
			isa = PBXResourcesBuildPhase;
			buildActionMask = 2147483647;
			files = (
			);
			runOnlyForDeploymentPostprocessing = 0;
		};
/* End PBXResourcesBuildPhase section */

/* Begin PBXSourcesBuildPhase section */
		E7EC06BA19F6A52800BE3351 /* Sources */ = {
			isa = PBXSourcesBuildPhase;
			buildActionMask = 2147483647;
			files = (
				E7A3CA801A0114D80073725B /* iphoneHowlingCowScene.m in Sources */,
				E7EC06CF19F6A52800BE3351 /* GameViewController.m in Sources */,
				E7A3CA8D1A0119650073725B /* iphoneHACCPScene.m in Sources */,
				E7BB5BF01A01208E00B9C0D7 /* iphoneCareersScene.m in Sources */,
				E7E8417319FAA0B100F13C9C /* iphonePreReqScene.m in Sources */,
				E7EC06F519F6AAB100BE3351 /* SKButtonNodeJRTB.m in Sources */,
				E7457ABA19F8013100EFF7AC /* YTPlayerView.m in Sources */,
				E7EC070619F6B49F00BE3351 /* iphoneMenuScene.m in Sources */,
				E7EC06EF19F6AA7B00BE3351 /* iphoneIntroScene.m in Sources */,
				E7EC06C719F6A52800BE3351 /* AppDelegate.m in Sources */,
				E7E8417019F99BB300F13C9C /* UIImage+ImageEffects.m in Sources */,
				E7EC06F919F6AABC00BE3351 /* SoundManager.m in Sources */,
				E7EC06F619F6AAB100BE3351 /* NSMutableArray+Shuffling.m in Sources */,
				E7EC06C419F6A52800BE3351 /* main.m in Sources */,
			);
			runOnlyForDeploymentPostprocessing = 0;
		};
		E7EC06D819F6A52900BE3351 /* Sources */ = {
			isa = PBXSourcesBuildPhase;
			buildActionMask = 2147483647;
			files = (
				E7EC06E319F6A52900BE3351 /* foodsafetyappTests.m in Sources */,
			);
			runOnlyForDeploymentPostprocessing = 0;
		};
/* End PBXSourcesBuildPhase section */

/* Begin PBXTargetDependency section */
		E7EC06DE19F6A52900BE3351 /* PBXTargetDependency */ = {
			isa = PBXTargetDependency;
			target = E7EC06BD19F6A52800BE3351 /* foodsafetyapp */;
			targetProxy = E7EC06DD19F6A52900BE3351 /* PBXContainerItemProxy */;
		};
/* End PBXTargetDependency section */

/* Begin PBXVariantGroup section */
		E7EC06D019F6A52800BE3351 /* Main.storyboard */ = {
			isa = PBXVariantGroup;
			children = (
				E7EC06D119F6A52800BE3351 /* Base */,
			);
			name = Main.storyboard;
			sourceTree = "<group>";
		};
		E7EC06D519F6A52800BE3351 /* LaunchScreen.xib */ = {
			isa = PBXVariantGroup;
			children = (
				E7EC06D619F6A52800BE3351 /* Base */,
			);
			name = LaunchScreen.xib;
			sourceTree = "<group>";
		};
/* End PBXVariantGroup section */

/* Begin XCBuildConfiguration section */
		E7EC06E419F6A52900BE3351 /* Debug */ = {
			isa = XCBuildConfiguration;
			buildSettings = {
				ALWAYS_SEARCH_USER_PATHS = NO;
				CLANG_CXX_LANGUAGE_STANDARD = "gnu++0x";
				CLANG_CXX_LIBRARY = "libc++";
				CLANG_ENABLE_MODULES = YES;
				CLANG_ENABLE_OBJC_ARC = YES;
				CLANG_WARN_BOOL_CONVERSION = YES;
				CLANG_WARN_CONSTANT_CONVERSION = YES;
				CLANG_WARN_DIRECT_OBJC_ISA_USAGE = YES_ERROR;
				CLANG_WARN_EMPTY_BODY = YES;
				CLANG_WARN_ENUM_CONVERSION = YES;
				CLANG_WARN_INT_CONVERSION = YES;
				CLANG_WARN_OBJC_ROOT_CLASS = YES_ERROR;
				CLANG_WARN_UNREACHABLE_CODE = YES;
				CLANG_WARN__DUPLICATE_METHOD_MATCH = YES;
				CODE_SIGN_IDENTITY = "iPhone Distribution: Fairlady Media, Inc. (3H6GLPJ48J)";
				"CODE_SIGN_IDENTITY[sdk=iphoneos*]" = "iPhone Distribution: Fairlady Media, Inc. (3H6GLPJ48J)";
				COPY_PHASE_STRIP = NO;
				ENABLE_STRICT_OBJC_MSGSEND = YES;
				GCC_C_LANGUAGE_STANDARD = gnu99;
				GCC_DYNAMIC_NO_PIC = NO;
				GCC_OPTIMIZATION_LEVEL = 0;
				GCC_PREPROCESSOR_DEFINITIONS = (
					"DEBUG=1",
					"$(inherited)",
				);
				GCC_SYMBOLS_PRIVATE_EXTERN = NO;
				GCC_WARN_64_TO_32_BIT_CONVERSION = YES;
				GCC_WARN_ABOUT_RETURN_TYPE = YES_ERROR;
				GCC_WARN_UNDECLARED_SELECTOR = YES;
				GCC_WARN_UNINITIALIZED_AUTOS = YES_AGGRESSIVE;
				GCC_WARN_UNUSED_FUNCTION = YES;
				GCC_WARN_UNUSED_VARIABLE = YES;
				IPHONEOS_DEPLOYMENT_TARGET = 8.0;
				MTL_ENABLE_DEBUG_INFO = YES;
				ONLY_ACTIVE_ARCH = YES;
				PROVISIONING_PROFILE = "bc4c2621-c820-40e4-a7ee-3c79af88a21a";
				SDKROOT = iphoneos;
			};
			name = Debug;
		};
		E7EC06E519F6A52900BE3351 /* Release */ = {
			isa = XCBuildConfiguration;
			buildSettings = {
				ALWAYS_SEARCH_USER_PATHS = NO;
				CLANG_CXX_LANGUAGE_STANDARD = "gnu++0x";
				CLANG_CXX_LIBRARY = "libc++";
				CLANG_ENABLE_MODULES = YES;
				CLANG_ENABLE_OBJC_ARC = YES;
				CLANG_WARN_BOOL_CONVERSION = YES;
				CLANG_WARN_CONSTANT_CONVERSION = YES;
				CLANG_WARN_DIRECT_OBJC_ISA_USAGE = YES_ERROR;
				CLANG_WARN_EMPTY_BODY = YES;
				CLANG_WARN_ENUM_CONVERSION = YES;
				CLANG_WARN_INT_CONVERSION = YES;
				CLANG_WARN_OBJC_ROOT_CLASS = YES_ERROR;
				CLANG_WARN_UNREACHABLE_CODE = YES;
				CLANG_WARN__DUPLICATE_METHOD_MATCH = YES;
				CODE_SIGN_IDENTITY = "iPhone Distribution: Fairlady Media, Inc. (3H6GLPJ48J)";
				"CODE_SIGN_IDENTITY[sdk=iphoneos*]" = "iPhone Distribution: Fairlady Media, Inc. (3H6GLPJ48J)";
				COPY_PHASE_STRIP = YES;
				ENABLE_NS_ASSERTIONS = NO;
				ENABLE_STRICT_OBJC_MSGSEND = YES;
				GCC_C_LANGUAGE_STANDARD = gnu99;
				GCC_WARN_64_TO_32_BIT_CONVERSION = YES;
				GCC_WARN_ABOUT_RETURN_TYPE = YES_ERROR;
				GCC_WARN_UNDECLARED_SELECTOR = YES;
				GCC_WARN_UNINITIALIZED_AUTOS = YES_AGGRESSIVE;
				GCC_WARN_UNUSED_FUNCTION = YES;
				GCC_WARN_UNUSED_VARIABLE = YES;
				IPHONEOS_DEPLOYMENT_TARGET = 8.0;
				MTL_ENABLE_DEBUG_INFO = NO;
				PROVISIONING_PROFILE = "bc4c2621-c820-40e4-a7ee-3c79af88a21a";
				SDKROOT = iphoneos;
				VALIDATE_PRODUCT = YES;
			};
			name = Release;
		};
		E7EC06E719F6A52900BE3351 /* Debug */ = {
			isa = XCBuildConfiguration;
			buildSettings = {
				ASSETCATALOG_COMPILER_APPICON_NAME = AppIcon;
				ASSETCATALOG_COMPILER_LAUNCHIMAGE_NAME = LaunchImage;
				CODE_SIGN_IDENTITY = "iPhone Distribution: Fairlady Media, Inc. (3H6GLPJ48J)";
				"CODE_SIGN_IDENTITY[sdk=iphoneos*]" = "iPhone Distribution: Fairlady Media, Inc. (3H6GLPJ48J)";
				INFOPLIST_FILE = foodsafetyapp/Info.plist;
				IPHONEOS_DEPLOYMENT_TARGET = 7.0;
				LD_RUNPATH_SEARCH_PATHS = "$(inherited) @executable_path/Frameworks";
				PRODUCT_NAME = "$(TARGET_NAME)";
				PROVISIONING_PROFILE = "bc4c2621-c820-40e4-a7ee-3c79af88a21a";
			};
			name = Debug;
		};
		E7EC06E819F6A52900BE3351 /* Release */ = {
			isa = XCBuildConfiguration;
			buildSettings = {
				ASSETCATALOG_COMPILER_APPICON_NAME = AppIcon;
				ASSETCATALOG_COMPILER_LAUNCHIMAGE_NAME = LaunchImage;
				CODE_SIGN_IDENTITY = "iPhone Distribution: Fairlady Media, Inc. (3H6GLPJ48J)";
				"CODE_SIGN_IDENTITY[sdk=iphoneos*]" = "iPhone Distribution: Fairlady Media, Inc. (3H6GLPJ48J)";
				INFOPLIST_FILE = foodsafetyapp/Info.plist;
				IPHONEOS_DEPLOYMENT_TARGET = 7.0;
				LD_RUNPATH_SEARCH_PATHS = "$(inherited) @executable_path/Frameworks";
				PRODUCT_NAME = "$(TARGET_NAME)";
				PROVISIONING_PROFILE = "bc4c2621-c820-40e4-a7ee-3c79af88a21a";
			};
			name = Release;
		};
		E7EC06EA19F6A52900BE3351 /* Debug */ = {
			isa = XCBuildConfiguration;
			buildSettings = {
				BUNDLE_LOADER = "$(TEST_HOST)";
				FRAMEWORK_SEARCH_PATHS = (
					"$(SDKROOT)/Developer/Library/Frameworks",
					"$(inherited)",
				);
				GCC_PREPROCESSOR_DEFINITIONS = (
					"DEBUG=1",
					"$(inherited)",
				);
				INFOPLIST_FILE = foodsafetyappTests/Info.plist;
				LD_RUNPATH_SEARCH_PATHS = "$(inherited) @executable_path/Frameworks @loader_path/Frameworks";
				PRODUCT_NAME = "$(TARGET_NAME)";
				TEST_HOST = "$(BUILT_PRODUCTS_DIR)/foodsafetyapp.app/foodsafetyapp";
			};
			name = Debug;
		};
		E7EC06EB19F6A52900BE3351 /* Release */ = {
			isa = XCBuildConfiguration;
			buildSettings = {
				BUNDLE_LOADER = "$(TEST_HOST)";
				FRAMEWORK_SEARCH_PATHS = (
					"$(SDKROOT)/Developer/Library/Frameworks",
					"$(inherited)",
				);
				INFOPLIST_FILE = foodsafetyappTests/Info.plist;
				LD_RUNPATH_SEARCH_PATHS = "$(inherited) @executable_path/Frameworks @loader_path/Frameworks";
				PRODUCT_NAME = "$(TARGET_NAME)";
				TEST_HOST = "$(BUILT_PRODUCTS_DIR)/foodsafetyapp.app/foodsafetyapp";
			};
			name = Release;
		};
/* End XCBuildConfiguration section */

/* Begin XCConfigurationList section */
		E7EC06B919F6A52800BE3351 /* Build configuration list for PBXProject "foodsafetyapp" */ = {
			isa = XCConfigurationList;
			buildConfigurations = (
				E7EC06E419F6A52900BE3351 /* Debug */,
				E7EC06E519F6A52900BE3351 /* Release */,
			);
			defaultConfigurationIsVisible = 0;
			defaultConfigurationName = Release;
		};
		E7EC06E619F6A52900BE3351 /* Build configuration list for PBXNativeTarget "foodsafetyapp" */ = {
			isa = XCConfigurationList;
			buildConfigurations = (
				E7EC06E719F6A52900BE3351 /* Debug */,
				E7EC06E819F6A52900BE3351 /* Release */,
			);
			defaultConfigurationIsVisible = 0;
			defaultConfigurationName = Release;
		};
		E7EC06E919F6A52900BE3351 /* Build configuration list for PBXNativeTarget "foodsafetyappTests" */ = {
			isa = XCConfigurationList;
			buildConfigurations = (
				E7EC06EA19F6A52900BE3351 /* Debug */,
				E7EC06EB19F6A52900BE3351 /* Release */,
			);
			defaultConfigurationIsVisible = 0;
			defaultConfigurationName = Release;
		};
/* End XCConfigurationList section */
	};
	rootObject = E7EC06B619F6A52800BE3351 /* Project object */;
}
